
Microsoft Visual Studio Solution File, Format Version 12.00
# Visual Studio Version 16
VisualStudioVersion = 16.0.30320.27
MinimumVisualStudioVersion = 10.0.40219.1
Project("{2150E333-8FDC-42A3-9474-1A3956D46DE8}") = "Application", "Application", "{77413EE6-C0A1-4057-9454-106AE4830984}"
EndProject
Project("{2150E333-8FDC-42A3-9474-1A3956D46DE8}") = "Domain", "Domain", "{F5B63AF4-77AD-4183-A7D2-070F410109E0}"
EndProject
Project("{2150E333-8FDC-42A3-9474-1A3956D46DE8}") = "Infra.IoC", "Infra.IoC", "{06434C65-4A20-4A92-96C5-089118781E58}"
EndProject
Project("{2150E333-8FDC-42A3-9474-1A3956D46DE8}") = "Infra.Data", "Infra.Data", "{9601527C-C2C5-48DA-81FC-E65A22976AD4}"
EndProject
Project("{2150E333-8FDC-42A3-9474-1A3956D46DE8}") = "Presentation", "Presentation", "{932ED21E-8D1A-4A6B-8501-D5A949C59F6B}"
EndProject
Project("{9A19103F-16F7-4668-BE54-9A1E7A4F7556}") = "CleanArch.Mvc", "CleanArch.Mvc\CleanArch.Mvc.csproj", "{55E03951-761C-4301-9E33-BC7B94451568}"
EndProject
Project("{9A19103F-16F7-4668-BE54-9A1E7A4F7556}") = "CleanArch.Domain", "CleanArch.Domain\CleanArch.Domain.csproj", "{70FBD312-09EF-4D7D-ACDA-553EE8786581}"
EndProject
Project("{9A19103F-16F7-4668-BE54-9A1E7A4F7556}") = "CleanArch.Infra.Data", "CleanArch.Infra.Data\CleanArch.Infra.Data.csproj", "{DD3908FE-068E-426C-958A-7CA770347A5A}"
EndProject
Project("{9A19103F-16F7-4668-BE54-9A1E7A4F7556}") = "CleanArch.Application", "CleanArch.Application\CleanArch.Application.csproj", "{DD38DE4E-0A09-46AE-BA24-24C7DB9FE4C2}"
EndProject
Project("{9A19103F-16F7-4668-BE54-9A1E7A4F7556}") = "CleanArch.Infra.Ioc", "CleanArch.Infra.Ioc\CleanArch.Infra.Ioc.csproj", "{FB8BA34C-C7B2-420B-BAEF-2E759833D19C}"
EndProject
Project("{2150E333-8FDC-42A3-9474-1A3956D46DE8}") = "Infra.Bus", "Infra.Bus", "{35C091BF-AED2-4B7D-BFAA-750E2A00D362}"
EndProject
Project("{2150E333-8FDC-42A3-9474-1A3956D46DE8}") = "Api", "Api", "{91DC0C27-A43A-4916-BEF6-E64D6CF33A24}"
EndProject
Project("{9A19103F-16F7-4668-BE54-9A1E7A4F7556}") = "CleanArch.Infra.Bus", "CleanArch.Infra.Bus\CleanArch.Infra.Bus.csproj", "{1651252D-E635-4BDE-A04E-89B45A2A4006}"
EndProject
Project("{9A19103F-16F7-4668-BE54-9A1E7A4F7556}") = "CleanArch.Domain.Core", "CleanArch.Domain.Core\CleanArch.Domain.Core.csproj", "{F090D00B-3ECA-4E0D-8F05-A879599C541D}"
EndProject
Project("{FAE04EC0-301F-11D3-BF4B-00C04F79EFBC}") = "CleanArch.Api", "CleanArch.Api\CleanArch.Api.csproj", "{6F496455-BD8F-4808-B2CF-FF37AFDFA339}"
EndProject
Global
	GlobalSection(SolutionConfigurationPlatforms) = preSolution
		Debug|Any CPU = Debug|Any CPU
		Release|Any CPU = Release|Any CPU
	EndGlobalSection
	GlobalSection(ProjectConfigurationPlatforms) = postSolution
		{55E03951-761C-4301-9E33-BC7B94451568}.Debug|Any CPU.ActiveCfg = Debug|Any CPU
		{55E03951-761C-4301-9E33-BC7B94451568}.Debug|Any CPU.Build.0 = Debug|Any CPU
		{55E03951-761C-4301-9E33-BC7B94451568}.Release|Any CPU.ActiveCfg = Release|Any CPU
		{55E03951-761C-4301-9E33-BC7B94451568}.Release|Any CPU.Build.0 = Release|Any CPU
		{70FBD312-09EF-4D7D-ACDA-553EE8786581}.Debug|Any CPU.ActiveCfg = Debug|Any CPU
		{70FBD312-09EF-4D7D-ACDA-553EE8786581}.Debug|Any CPU.Build.0 = Debug|Any CPU
		{70FBD312-09EF-4D7D-ACDA-553EE8786581}.Release|Any CPU.ActiveCfg = Release|Any CPU
		{70FBD312-09EF-4D7D-ACDA-553EE8786581}.Release|Any CPU.Build.0 = Release|Any CPU
		{DD3908FE-068E-426C-958A-7CA770347A5A}.Debug|Any CPU.ActiveCfg = Debug|Any CPU
		{DD3908FE-068E-426C-958A-7CA770347A5A}.Debug|Any CPU.Build.0 = Debug|Any CPU
		{DD3908FE-068E-426C-958A-7CA770347A5A}.Release|Any CPU.ActiveCfg = Release|Any CPU
		{DD3908FE-068E-426C-958A-7CA770347A5A}.Release|Any CPU.Build.0 = Release|Any CPU
		{DD38DE4E-0A09-46AE-BA24-24C7DB9FE4C2}.Debug|Any CPU.ActiveCfg = Debug|Any CPU
		{DD38DE4E-0A09-46AE-BA24-24C7DB9FE4C2}.Debug|Any CPU.Build.0 = Debug|Any CPU
		{DD38DE4E-0A09-46AE-BA24-24C7DB9FE4C2}.Release|Any CPU.ActiveCfg = Release|Any CPU
		{DD38DE4E-0A09-46AE-BA24-24C7DB9FE4C2}.Release|Any CPU.Build.0 = Release|Any CPU
		{FB8BA34C-C7B2-420B-BAEF-2E759833D19C}.Debug|Any CPU.ActiveCfg = Debug|Any CPU
		{FB8BA34C-C7B2-420B-BAEF-2E759833D19C}.Debug|Any CPU.Build.0 = Debug|Any CPU
		{FB8BA34C-C7B2-420B-BAEF-2E759833D19C}.Release|Any CPU.ActiveCfg = Release|Any CPU
		{FB8BA34C-C7B2-420B-BAEF-2E759833D19C}.Release|Any CPU.Build.0 = Release|Any CPU
		{1651252D-E635-4BDE-A04E-89B45A2A4006}.Debug|Any CPU.ActiveCfg = Debug|Any CPU
		{1651252D-E635-4BDE-A04E-89B45A2A4006}.Debug|Any CPU.Build.0 = Debug|Any CPU
		{1651252D-E635-4BDE-A04E-89B45A2A4006}.Release|Any CPU.ActiveCfg = Release|Any CPU
		{1651252D-E635-4BDE-A04E-89B45A2A4006}.Release|Any CPU.Build.0 = Release|Any CPU
		{F090D00B-3ECA-4E0D-8F05-A879599C541D}.Debug|Any CPU.ActiveCfg = Debug|Any CPU
		{F090D00B-3ECA-4E0D-8F05-A879599C541D}.Debug|Any CPU.Build.0 = Debug|Any CPU
		{F090D00B-3ECA-4E0D-8F05-A879599C541D}.Release|Any CPU.ActiveCfg = Release|Any CPU
		{F090D00B-3ECA-4E0D-8F05-A879599C541D}.Release|Any CPU.Build.0 = Release|Any CPU
		{6F496455-BD8F-4808-B2CF-FF37AFDFA339}.Debug|Any CPU.ActiveCfg = Debug|Any CPU
		{6F496455-BD8F-4808-B2CF-FF37AFDFA339}.Debug|Any CPU.Build.0 = Debug|Any CPU
		{6F496455-BD8F-4808-B2CF-FF37AFDFA339}.Release|Any CPU.ActiveCfg = Release|Any CPU
		{6F496455-BD8F-4808-B2CF-FF37AFDFA339}.Release|Any CPU.Build.0 = Release|Any CPU
	EndGlobalSection
	GlobalSection(SolutionProperties) = preSolution
		HideSolutionNode = FALSE
	EndGlobalSection
	GlobalSection(NestedProjects) = preSolution
		{55E03951-761C-4301-9E33-BC7B94451568} = {932ED21E-8D1A-4A6B-8501-D5A949C59F6B}
		{70FBD312-09EF-4D7D-ACDA-553EE8786581} = {F5B63AF4-77AD-4183-A7D2-070F410109E0}
		{DD3908FE-068E-426C-958A-7CA770347A5A} = {9601527C-C2C5-48DA-81FC-E65A22976AD4}
		{DD38DE4E-0A09-46AE-BA24-24C7DB9FE4C2} = {77413EE6-C0A1-4057-9454-106AE4830984}
		{FB8BA34C-C7B2-420B-BAEF-2E759833D19C} = {06434C65-4A20-4A92-96C5-089118781E58}
		{1651252D-E635-4BDE-A04E-89B45A2A4006} = {35C091BF-AED2-4B7D-BFAA-750E2A00D362}
		{F090D00B-3ECA-4E0D-8F05-A879599C541D} = {F5B63AF4-77AD-4183-A7D2-070F410109E0}
		{6F496455-BD8F-4808-B2CF-FF37AFDFA339} = {91DC0C27-A43A-4916-BEF6-E64D6CF33A24}
	EndGlobalSection
	GlobalSection(ExtensibilityGlobals) = postSolution
		SolutionGuid = {8D571B8B-88B0-4D37-AB0F-7C796DF25C45}
	EndGlobalSection
EndGlobal
